
Microsoft Visual Studio Solution File, Format Version 12.00
# Visual Studio 15
VisualStudioVersion = 15.0.28307.421
MinimumVisualStudioVersion = 10.0.40219.1
Project("{FAE04EC0-301F-11D3-BF4B-00C04F79EFBC}") = "ClassImpl", "ClassImpl\ClassImpl.csproj", "{5B574F1B-1F54-4789-89B9-70EC1D836701}"
EndProject
Global
	GlobalSection(SolutionConfigurationPlatforms) = preSolution
		Debug|Any CPU = Debug|Any CPU
		Release|Any CPU = Release|Any CPU
	EndGlobalSection
	GlobalSection(ProjectConfigurationPlatforms) = postSolution
		{5B574F1B-1F54-4789-89B9-70EC1D836701}.Debug|Any CPU.ActiveCfg = Debug|Any CPU
		{5B574F1B-1F54-4789-89B9-70EC1D836701}.Debug|Any CPU.Build.0 = Debug|Any CPU
		{5B574F1B-1F54-4789-89B9-70EC1D836701}.Release|Any CPU.ActiveCfg = Release|Any CPU
		{5B574F1B-1F54-4789-89B9-70EC1D836701}.Release|Any CPU.Build.0 = Release|Any CPU
	EndGlobalSection
	GlobalSection(SolutionProperties) = preSolution
		HideSolutionNode = FALSE
	EndGlobalSection
	GlobalSection(ExtensibilityGlobals) = postSolution
		SolutionGuid = {A6FBB05A-DE54-43D5-9E04-BA6FE41F6A9E}
	EndGlobalSection
EndGlobal
